{
    "name":  "mcsmanager-workspace",
    "version":  "2.0.0",
    "scripts":  {
                    "daemon":  "cd daemon \u0026\u0026  npm run dev",
                    "frontend":  "cd frontend \u0026\u0026 npm run dev",
                    "panel":  "cd panel \u0026\u0026 npm run dev",
                    "install":  "npm run install-dependents \u0026\u0026 npm run preview-build",
                    "install-dependents":  "cd daemon \u0026\u0026 npm install \u0026\u0026 cd ../panel \u0026\u0026 npm install \u0026\u0026 cd ../frontend \u0026\u0026 npm install",
                    "dev":  "npm run all",
                    "all":  "concurrently -n Daemon,Frontend,Panel -c cyan,magenta,green -p name \"npm run dev --prefix daemon\" \"npm run dev --prefix frontend\" \"npm run dev --prefix panel\"",
                    "i18n":  "i18next-scanner --config i18-scanner.config.js",
                    "sort-lang-keys":  "node scripts/sort-lang-key.mjs",
                    "preview-build":  "cd common \u0026\u0026 npm install \u0026\u0026 npm run build",
                    "scan-useless-key":  "node scripts/useless-key-scanner.mjs ./languages en_US.json . \".js,.ts,.vue,.tsx,.jsx\" \"node_modules/\""
                },
    "dependencies":  {
                         "async-mutex":  "^0.5.0",
                         "crc":  "^4.3.2",
                         "i18next-scanner":  "^4.4.0"
                     },
    "devDependencies":  {
                            "concurrently":  "^9.1.2"
                        }
}
